
Microsoft Visual Studio Solution File, Format Version 12.00
# Visual Studio Version 16
VisualStudioVersion = 16.0.29905.134
MinimumVisualStudioVersion = 10.0.40219.1
Project("{FAE04EC0-301F-11D3-BF4B-00C04F79EFBC}") = "SE_Proj", "SE_Proj.csproj", "{B01CC017-3A08-4DA8-BAF5-5044DBA87955}"
EndProject
Global
	GlobalSection(SolutionConfigurationPlatforms) = preSolution
		Debug|Any CPU = Debug|Any CPU
		Release|Any CPU = Release|Any CPU
	EndGlobalSection
	GlobalSection(ProjectConfigurationPlatforms) = postSolution
		{B01CC017-3A08-4DA8-BAF5-5044DBA87955}.Debug|Any CPU.ActiveCfg = Debug|Any CPU
		{B01CC017-3A08-4DA8-BAF5-5044DBA87955}.Debug|Any CPU.Build.0 = Debug|Any CPU
		{B01CC017-3A08-4DA8-BAF5-5044DBA87955}.Release|Any CPU.ActiveCfg = Release|Any CPU
		{B01CC017-3A08-4DA8-BAF5-5044DBA87955}.Release|Any CPU.Build.0 = Release|Any CPU
	EndGlobalSection
	GlobalSection(SolutionProperties) = preSolution
		HideSolutionNode = FALSE
	EndGlobalSection
	GlobalSection(ExtensibilityGlobals) = postSolution
		SolutionGuid = {40BE92EC-FCFA-45D6-9043-FE305AD62413}
	EndGlobalSection
EndGlobal
